
Microsoft Visual Studio Solution File, Format Version 12.00
# Visual Studio 15
VisualStudioVersion = 15.0.28307.757
MinimumVisualStudioVersion = 10.0.40219.1
Project("{FAE04EC0-301F-11D3-BF4B-00C04F79EFBC}") = "CAGED.Android", "CAGED\CAGED.Android\CAGED.Android.csproj", "{CA564694-9744-40E1-9F7E-9E84B19F802D}"
EndProject
Project("{FAE04EC0-301F-11D3-BF4B-00C04F79EFBC}") = "CAGED.iOS", "CAGED\CAGED.iOS\CAGED.iOS.csproj", "{6531F59F-55AB-4006-B7C1-EFC0F3FCF44C}"
EndProject
Project("{FAE04EC0-301F-11D3-BF4B-00C04F79EFBC}") = "CAGED", "CAGED\CAGED\CAGED.csproj", "{E0324E17-17BE-4AEE-87B2-1B0014697E01}"
EndProject
Global
	GlobalSection(SolutionConfigurationPlatforms) = preSolution
		Ad-Hoc|Any CPU = Ad-Hoc|Any CPU
		Ad-Hoc|iPhone = Ad-Hoc|iPhone
		Ad-Hoc|iPhoneSimulator = Ad-Hoc|iPhoneSimulator
		AppStore|Any CPU = AppStore|Any CPU
		AppStore|iPhone = AppStore|iPhone
		AppStore|iPhoneSimulator = AppStore|iPhoneSimulator
		Debug|Any CPU = Debug|Any CPU
		Debug|iPhone = Debug|iPhone
		Debug|iPhoneSimulator = Debug|iPhoneSimulator
		Release|Any CPU = Release|Any CPU
		Release|iPhone = Release|iPhone
		Release|iPhoneSimulator = Release|iPhoneSimulator
	EndGlobalSection
	GlobalSection(ProjectConfigurationPlatforms) = postSolution
		{CA564694-9744-40E1-9F7E-9E84B19F802D}.Ad-Hoc|Any CPU.ActiveCfg = Release|Any CPU
		{CA564694-9744-40E1-9F7E-9E84B19F802D}.Ad-Hoc|Any CPU.Build.0 = Release|Any CPU
		{CA564694-9744-40E1-9F7E-9E84B19F802D}.Ad-Hoc|Any CPU.Deploy.0 = Release|Any CPU
		{CA564694-9744-40E1-9F7E-9E84B19F802D}.Ad-Hoc|iPhone.ActiveCfg = Release|Any CPU
		{CA564694-9744-40E1-9F7E-9E84B19F802D}.Ad-Hoc|iPhone.Build.0 = Release|Any CPU
		{CA564694-9744-40E1-9F7E-9E84B19F802D}.Ad-Hoc|iPhone.Deploy.0 = Release|Any CPU
		{CA564694-9744-40E1-9F7E-9E84B19F802D}.Ad-Hoc|iPhoneSimulator.ActiveCfg = Release|Any CPU
		{CA564694-9744-40E1-9F7E-9E84B19F802D}.Ad-Hoc|iPhoneSimulator.Build.0 = Release|Any CPU
		{CA564694-9744-40E1-9F7E-9E84B19F802D}.Ad-Hoc|iPhoneSimulator.Deploy.0 = Release|Any CPU
		{CA564694-9744-40E1-9F7E-9E84B19F802D}.AppStore|Any CPU.ActiveCfg = Release|Any CPU
		{CA564694-9744-40E1-9F7E-9E84B19F802D}.AppStore|Any CPU.Build.0 = Release|Any CPU
		{CA564694-9744-40E1-9F7E-9E84B19F802D}.AppStore|Any CPU.Deploy.0 = Release|Any CPU
		{CA564694-9744-40E1-9F7E-9E84B19F802D}.AppStore|iPhone.ActiveCfg = Release|Any CPU
		{CA564694-9744-40E1-9F7E-9E84B19F802D}.AppStore|iPhone.Build.0 = Release|Any CPU
		{CA564694-9744-40E1-9F7E-9E84B19F802D}.AppStore|iPhone.Deploy.0 = Release|Any CPU
		{CA564694-9744-40E1-9F7E-9E84B19F802D}.AppStore|iPhoneSimulator.ActiveCfg = Release|Any CPU
		{CA564694-9744-40E1-9F7E-9E84B19F802D}.AppStore|iPhoneSimulator.Build.0 = Release|Any CPU
		{CA564694-9744-40E1-9F7E-9E84B19F802D}.AppStore|iPhoneSimulator.Deploy.0 = Release|Any CPU
		{CA564694-9744-40E1-9F7E-9E84B19F802D}.Debug|Any CPU.ActiveCfg = Debug|Any CPU
		{CA564694-9744-40E1-9F7E-9E84B19F802D}.Debug|Any CPU.Build.0 = Debug|Any CPU
		{CA564694-9744-40E1-9F7E-9E84B19F802D}.Debug|Any CPU.Deploy.0 = Debug|Any CPU
		{CA564694-9744-40E1-9F7E-9E84B19F802D}.Debug|iPhone.ActiveCfg = Debug|Any CPU
		{CA564694-9744-40E1-9F7E-9E84B19F802D}.Debug|iPhone.Build.0 = Debug|Any CPU
		{CA564694-9744-40E1-9F7E-9E84B19F802D}.Debug|iPhone.Deploy.0 = Debug|Any CPU
		{CA564694-9744-40E1-9F7E-9E84B19F802D}.Debug|iPhoneSimulator.ActiveCfg = Debug|Any CPU
		{CA564694-9744-40E1-9F7E-9E84B19F802D}.Debug|iPhoneSimulator.Build.0 = Debug|Any CPU
		{CA564694-9744-40E1-9F7E-9E84B19F802D}.Debug|iPhoneSimulator.Deploy.0 = Debug|Any CPU
		{CA564694-9744-40E1-9F7E-9E84B19F802D}.Release|Any CPU.ActiveCfg = Release|Any CPU
		{CA564694-9744-40E1-9F7E-9E84B19F802D}.Release|Any CPU.Build.0 = Release|Any CPU
		{CA564694-9744-40E1-9F7E-9E84B19F802D}.Release|Any CPU.Deploy.0 = Release|Any CPU
		{CA564694-9744-40E1-9F7E-9E84B19F802D}.Release|iPhone.ActiveCfg = Release|Any CPU
		{CA564694-9744-40E1-9F7E-9E84B19F802D}.Release|iPhone.Build.0 = Release|Any CPU
		{CA564694-9744-40E1-9F7E-9E84B19F802D}.Release|iPhone.Deploy.0 = Release|Any CPU
		{CA564694-9744-40E1-9F7E-9E84B19F802D}.Release|iPhoneSimulator.ActiveCfg = Release|Any CPU
		{CA564694-9744-40E1-9F7E-9E84B19F802D}.Release|iPhoneSimulator.Build.0 = Release|Any CPU
		{CA564694-9744-40E1-9F7E-9E84B19F802D}.Release|iPhoneSimulator.Deploy.0 = Release|Any CPU
		{6531F59F-55AB-4006-B7C1-EFC0F3FCF44C}.Ad-Hoc|Any CPU.ActiveCfg = Ad-Hoc|iPhone
		{6531F59F-55AB-4006-B7C1-EFC0F3FCF44C}.Ad-Hoc|Any CPU.Build.0 = Ad-Hoc|iPhone
		{6531F59F-55AB-4006-B7C1-EFC0F3FCF44C}.Ad-Hoc|Any CPU.Deploy.0 = Ad-Hoc|iPhone
		{6531F59F-55AB-4006-B7C1-EFC0F3FCF44C}.Ad-Hoc|iPhone.ActiveCfg = Ad-Hoc|iPhone
		{6531F59F-55AB-4006-B7C1-EFC0F3FCF44C}.Ad-Hoc|iPhone.Build.0 = Ad-Hoc|iPhone
		{6531F59F-55AB-4006-B7C1-EFC0F3FCF44C}.Ad-Hoc|iPhone.Deploy.0 = Ad-Hoc|iPhone
		{6531F59F-55AB-4006-B7C1-EFC0F3FCF44C}.Ad-Hoc|iPhoneSimulator.ActiveCfg = Ad-Hoc|iPhoneSimulator
		{6531F59F-55AB-4006-B7C1-EFC0F3FCF44C}.Ad-Hoc|iPhoneSimulator.Build.0 = Ad-Hoc|iPhoneSimulator
		{6531F59F-55AB-4006-B7C1-EFC0F3FCF44C}.Ad-Hoc|iPhoneSimulator.Deploy.0 = Ad-Hoc|iPhoneSimulator
		{6531F59F-55AB-4006-B7C1-EFC0F3FCF44C}.AppStore|Any CPU.ActiveCfg = AppStore|iPhone
		{6531F59F-55AB-4006-B7C1-EFC0F3FCF44C}.AppStore|Any CPU.Build.0 = AppStore|iPhone
		{6531F59F-55AB-4006-B7C1-EFC0F3FCF44C}.AppStore|Any CPU.Deploy.0 = AppStore|iPhone
		{6531F59F-55AB-4006-B7C1-EFC0F3FCF44C}.AppStore|iPhone.ActiveCfg = AppStore|iPhone
		{6531F59F-55AB-4006-B7C1-EFC0F3FCF44C}.AppStore|iPhone.Build.0 = AppStore|iPhone
		{6531F59F-55AB-4006-B7C1-EFC0F3FCF44C}.AppStore|iPhone.Deploy.0 = AppStore|iPhone
		{6531F59F-55AB-4006-B7C1-EFC0F3FCF44C}.AppStore|iPhoneSimulator.ActiveCfg = AppStore|iPhoneSimulator
		{6531F59F-55AB-4006-B7C1-EFC0F3FCF44C}.AppStore|iPhoneSimulator.Build.0 = AppStore|iPhoneSimulator
		{6531F59F-55AB-4006-B7C1-EFC0F3FCF44C}.AppStore|iPhoneSimulator.Deploy.0 = AppStore|iPhoneSimulator
		{6531F59F-55AB-4006-B7C1-EFC0F3FCF44C}.Debug|Any CPU.ActiveCfg = Debug|iPhoneSimulator
		{6531F59F-55AB-4006-B7C1-EFC0F3FCF44C}.Debug|Any CPU.Build.0 = Debug|iPhoneSimulator
		{6531F59F-55AB-4006-B7C1-EFC0F3FCF44C}.Debug|Any CPU.Deploy.0 = Debug|iPhoneSimulator
		{6531F59F-55AB-4006-B7C1-EFC0F3FCF44C}.Debug|iPhone.ActiveCfg = Debug|iPhone
		{6531F59F-55AB-4006-B7C1-EFC0F3FCF44C}.Debug|iPhone.Build.0 = Debug|iPhone
		{6531F59F-55AB-4006-B7C1-EFC0F3FCF44C}.Debug|iPhone.Deploy.0 = Debug|iPhone
		{6531F59F-55AB-4006-B7C1-EFC0F3FCF44C}.Debug|iPhoneSimulator.ActiveCfg = Debug|iPhoneSimulator
		{6531F59F-55AB-4006-B7C1-EFC0F3FCF44C}.Debug|iPhoneSimulator.Build.0 = Debug|iPhoneSimulator
		{6531F59F-55AB-4006-B7C1-EFC0F3FCF44C}.Debug|iPhoneSimulator.Deploy.0 = Debug|iPhoneSimulator
		{6531F59F-55AB-4006-B7C1-EFC0F3FCF44C}.Release|Any CPU.ActiveCfg = Release|iPhone
		{6531F59F-55AB-4006-B7C1-EFC0F3FCF44C}.Release|Any CPU.Build.0 = Release|iPhone
		{6531F59F-55AB-4006-B7C1-EFC0F3FCF44C}.Release|Any CPU.Deploy.0 = Release|iPhone
		{6531F59F-55AB-4006-B7C1-EFC0F3FCF44C}.Release|iPhone.ActiveCfg = Release|iPhone
		{6531F59F-55AB-4006-B7C1-EFC0F3FCF44C}.Release|iPhone.Build.0 = Release|iPhone
		{6531F59F-55AB-4006-B7C1-EFC0F3FCF44C}.Release|iPhone.Deploy.0 = Release|iPhone
		{6531F59F-55AB-4006-B7C1-EFC0F3FCF44C}.Release|iPhoneSimulator.ActiveCfg = Release|iPhoneSimulator
		{6531F59F-55AB-4006-B7C1-EFC0F3FCF44C}.Release|iPhoneSimulator.Build.0 = Release|iPhoneSimulator
		{6531F59F-55AB-4006-B7C1-EFC0F3FCF44C}.Release|iPhoneSimulator.Deploy.0 = Release|iPhoneSimulator
		{E0324E17-17BE-4AEE-87B2-1B0014697E01}.Ad-Hoc|Any CPU.ActiveCfg = Debug|Any CPU
		{E0324E17-17BE-4AEE-87B2-1B0014697E01}.Ad-Hoc|Any CPU.Build.0 = Debug|Any CPU
		{E0324E17-17BE-4AEE-87B2-1B0014697E01}.Ad-Hoc|Any CPU.Deploy.0 = Debug|Any CPU
		{E0324E17-17BE-4AEE-87B2-1B0014697E01}.Ad-Hoc|iPhone.ActiveCfg = Debug|Any CPU
		{E0324E17-17BE-4AEE-87B2-1B0014697E01}.Ad-Hoc|iPhone.Build.0 = Debug|Any CPU
		{E0324E17-17BE-4AEE-87B2-1B0014697E01}.Ad-Hoc|iPhone.Deploy.0 = Debug|Any CPU
		{E0324E17-17BE-4AEE-87B2-1B0014697E01}.Ad-Hoc|iPhoneSimulator.ActiveCfg = Debug|Any CPU
		{E0324E17-17BE-4AEE-87B2-1B0014697E01}.Ad-Hoc|iPhoneSimulator.Build.0 = Debug|Any CPU
		{E0324E17-17BE-4AEE-87B2-1B0014697E01}.Ad-Hoc|iPhoneSimulator.Deploy.0 = Debug|Any CPU
		{E0324E17-17BE-4AEE-87B2-1B0014697E01}.AppStore|Any CPU.ActiveCfg = Debug|Any CPU
		{E0324E17-17BE-4AEE-87B2-1B0014697E01}.AppStore|Any CPU.Build.0 = Debug|Any CPU
		{E0324E17-17BE-4AEE-87B2-1B0014697E01}.AppStore|Any CPU.Deploy.0 = Debug|Any CPU
		{E0324E17-17BE-4AEE-87B2-1B0014697E01}.AppStore|iPhone.ActiveCfg = Debug|Any CPU
		{E0324E17-17BE-4AEE-87B2-1B0014697E01}.AppStore|iPhone.Build.0 = Debug|Any CPU
		{E0324E17-17BE-4AEE-87B2-1B0014697E01}.AppStore|iPhone.Deploy.0 = Debug|Any CPU
		{E0324E17-17BE-4AEE-87B2-1B0014697E01}.AppStore|iPhoneSimulator.ActiveCfg = Debug|Any CPU
		{E0324E17-17BE-4AEE-87B2-1B0014697E01}.AppStore|iPhoneSimulator.Build.0 = Debug|Any CPU
		{E0324E17-17BE-4AEE-87B2-1B0014697E01}.AppStore|iPhoneSimulator.Deploy.0 = Debug|Any CPU
		{E0324E17-17BE-4AEE-87B2-1B0014697E01}.Debug|Any CPU.ActiveCfg = Debug|Any CPU
		{E0324E17-17BE-4AEE-87B2-1B0014697E01}.Debug|Any CPU.Build.0 = Debug|Any CPU
		{E0324E17-17BE-4AEE-87B2-1B0014697E01}.Debug|Any CPU.Deploy.0 = Debug|Any CPU
		{E0324E17-17BE-4AEE-87B2-1B0014697E01}.Debug|iPhone.ActiveCfg = Debug|Any CPU
		{E0324E17-17BE-4AEE-87B2-1B0014697E01}.Debug|iPhone.Build.0 = Debug|Any CPU
		{E0324E17-17BE-4AEE-87B2-1B0014697E01}.Debug|iPhone.Deploy.0 = Debug|Any CPU
		{E0324E17-17BE-4AEE-87B2-1B0014697E01}.Debug|iPhoneSimulator.ActiveCfg = Debug|Any CPU
		{E0324E17-17BE-4AEE-87B2-1B0014697E01}.Debug|iPhoneSimulator.Build.0 = Debug|Any CPU
		{E0324E17-17BE-4AEE-87B2-1B0014697E01}.Debug|iPhoneSimulator.Deploy.0 = Debug|Any CPU
		{E0324E17-17BE-4AEE-87B2-1B0014697E01}.Release|Any CPU.ActiveCfg = Release|Any CPU
		{E0324E17-17BE-4AEE-87B2-1B0014697E01}.Release|Any CPU.Build.0 = Release|Any CPU
		{E0324E17-17BE-4AEE-87B2-1B0014697E01}.Release|Any CPU.Deploy.0 = Release|Any CPU
		{E0324E17-17BE-4AEE-87B2-1B0014697E01}.Release|iPhone.ActiveCfg = Release|Any CPU
		{E0324E17-17BE-4AEE-87B2-1B0014697E01}.Release|iPhone.Build.0 = Release|Any CPU
		{E0324E17-17BE-4AEE-87B2-1B0014697E01}.Release|iPhone.Deploy.0 = Release|Any CPU
		{E0324E17-17BE-4AEE-87B2-1B0014697E01}.Release|iPhoneSimulator.ActiveCfg = Release|Any CPU
		{E0324E17-17BE-4AEE-87B2-1B0014697E01}.Release|iPhoneSimulator.Build.0 = Release|Any CPU
		{E0324E17-17BE-4AEE-87B2-1B0014697E01}.Release|iPhoneSimulator.Deploy.0 = Release|Any CPU
	EndGlobalSection
	GlobalSection(SolutionProperties) = preSolution
		HideSolutionNode = FALSE
	EndGlobalSection
	GlobalSection(ExtensibilityGlobals) = postSolution
		SolutionGuid = {B5AF346C-B63F-420A-A429-A76F33A9914E}
	EndGlobalSection
EndGlobal
